
Microsoft Visual Studio Solution File, Format Version 12.00
# Visual Studio Version 17
VisualStudioVersion = 17.0.31903.59
MinimumVisualStudioVersion = 10.0.40219.1
Project("{9A19103F-16F7-4668-BE54-9A1E7A4F7556}") = "exercise.wwwapi", "exercise.wwwapi\exercise.wwwapi.csproj", "{35EA0840-C069-43E3-B1EC-2BA77C5BBCB1}"
EndProject
Project("{2150E333-8FDC-42A3-9474-1A3956D46DE8}") = "Solution Items", "Solution Items", "{49FF5865-944E-492C-B68E-9919983C3E85}"
	ProjectSection(SolutionItems) = preProject
		.gitignore = .gitignore
		README.md = README.md
	EndProjectSection
EndProject
Global
	GlobalSection(SolutionConfigurationPlatforms) = preSolution
		Debug|Any CPU = Debug|Any CPU
		Release|Any CPU = Release|Any CPU
	EndGlobalSection
	GlobalSection(ProjectConfigurationPlatforms) = postSolution
		{35EA0840-C069-43E3-B1EC-2BA77C5BBCB1}.Debug|Any CPU.ActiveCfg = Debug|Any CPU
		{35EA0840-C069-43E3-B1EC-2BA77C5BBCB1}.Debug|Any CPU.Build.0 = Debug|Any CPU
		{35EA0840-C069-43E3-B1EC-2BA77C5BBCB1}.Release|Any CPU.ActiveCfg = Release|Any CPU
		{35EA0840-C069-43E3-B1EC-2BA77C5BBCB1}.Release|Any CPU.Build.0 = Release|Any CPU
	EndGlobalSection
	GlobalSection(SolutionProperties) = preSolution
		HideSolutionNode = FALSE
	EndGlobalSection
EndGlobal
